
Microsoft Visual Studio Solution File, Format Version 12.00
# Visual Studio Version 17
VisualStudioVersion = 17.5.33516.290
MinimumVisualStudioVersion = 10.0.40219.1
Project("{8BC9CEB8-8B4A-11D0-8D11-00A0C91BC942}") = "Blaze3D", "Blaze3D\Blaze3D.vcxproj", "{09FC01AF-1969-4613-850D-F05D4CB198B5}"
EndProject
Project("{8BC9CEB8-8B4A-11D0-8D11-00A0C91BC942}") = "EmptyProject", "EmptyProject\EmptyProject.vcxproj", "{531DB21B-0B48-456D-A81A-8015165024EA}"
EndProject
Global
	GlobalSection(SolutionConfigurationPlatforms) = preSolution
		Debug|x64 = Debug|x64
		Release|x64 = Release|x64
	EndGlobalSection
	GlobalSection(ProjectConfigurationPlatforms) = postSolution
		{09FC01AF-1969-4613-850D-F05D4CB198B5}.Debug|x64.ActiveCfg = Debug|x64
		{09FC01AF-1969-4613-850D-F05D4CB198B5}.Debug|x64.Build.0 = Debug|x64
		{09FC01AF-1969-4613-850D-F05D4CB198B5}.Release|x64.ActiveCfg = Release|x64
		{09FC01AF-1969-4613-850D-F05D4CB198B5}.Release|x64.Build.0 = Release|x64
		{531DB21B-0B48-456D-A81A-8015165024EA}.Debug|x64.ActiveCfg = Debug|x64
		{531DB21B-0B48-456D-A81A-8015165024EA}.Debug|x64.Build.0 = Debug|x64
		{531DB21B-0B48-456D-A81A-8015165024EA}.Release|x64.ActiveCfg = Release|x64
		{531DB21B-0B48-456D-A81A-8015165024EA}.Release|x64.Build.0 = Release|x64
	EndGlobalSection
	GlobalSection(SolutionProperties) = preSolution
		HideSolutionNode = FALSE
	EndGlobalSection
	GlobalSection(ExtensibilityGlobals) = postSolution
		SolutionGuid = {57CC89FF-55CC-4148-937D-2C0B43C057C7}
	EndGlobalSection
EndGlobal
